// !$*UTF8*$!
{
	archiveVersion = 1;
	classes = {
	};
	objectVersion = 56;
	objects = {

/* Begin PBXBuildFile section */
		D98EB6A62BF74DFE00EE7CCA /* MainScreen.swift in Sources */ = {isa = PBXBuildFile; fileRef = D98EB6A52BF74DFE00EE7CCA /* MainScreen.swift */; };
		D99E3E8B2C207A050025DD65 /* Router.swift in Sources */ = {isa = PBXBuildFile; fileRef = D99E3E8A2C207A050025DD65 /* Router.swift */; };
		D99FF10C2C58084B00773894 /* Article.swift in Sources */ = {isa = PBXBuildFile; fileRef = D99FF10B2C58084B00773894 /* Article.swift */; };
		D9A1A50E2C130DC600C1D008 /* ElegantCalendar in Frameworks */ = {isa = PBXBuildFile; productRef = D9A1A50D2C130DC600C1D008 /* ElegantCalendar */; };
		D9A1A5102C130FD400C1D008 /* ElegantCalendar.xcassets in Resources */ = {isa = PBXBuildFile; fileRef = D9A1A50F2C130FD400C1D008 /* ElegantCalendar.xcassets */; };
		D9A1A5122C13151100C1D008 /* CalendarScreen.swift in Sources */ = {isa = PBXBuildFile; fileRef = D9A1A5112C13151100C1D008 /* CalendarScreen.swift */; };
		D9A1A5142C131EE400C1D008 /* WeekStoreController.swift in Sources */ = {isa = PBXBuildFile; fileRef = D9A1A5132C131EE400C1D008 /* WeekStoreController.swift */; };
		D9A1A5172C131F8600C1D008 /* WeekCalendar.swift in Sources */ = {isa = PBXBuildFile; fileRef = D9A1A5162C131F8600C1D008 /* WeekCalendar.swift */; };
		D9A61C802C242B8E0086EE16 /* MainScreenVM.swift in Sources */ = {isa = PBXBuildFile; fileRef = D9A61C7F2C242B8E0086EE16 /* MainScreenVM.swift */; };
		D9A61C852C242CAD0086EE16 /* AppContainer.swift in Sources */ = {isa = PBXBuildFile; fileRef = D9A61C842C242CAD0086EE16 /* AppContainer.swift */; };
		D9A61C8A2C2463830086EE16 /* Swinject in Frameworks */ = {isa = PBXBuildFile; productRef = D9A61C892C2463830086EE16 /* Swinject */; };
		D9CEE7232BF12C5A00EC48FB /* HeartFlicksApp.swift in Sources */ = {isa = PBXBuildFile; fileRef = D9CEE7222BF12C5A00EC48FB /* HeartFlicksApp.swift */; };
		D9CEE7272BF12C5C00EC48FB /* Assets.xcassets in Resources */ = {isa = PBXBuildFile; fileRef = D9CEE7262BF12C5C00EC48FB /* Assets.xcassets */; };
		D9CEE72B2BF12C5C00EC48FB /* Preview Assets.xcassets in Resources */ = {isa = PBXBuildFile; fileRef = D9CEE72A2BF12C5C00EC48FB /* Preview Assets.xcassets */; };
		D9CEE7352BF12C5D00EC48FB /* HeartFlicksTests.swift in Sources */ = {isa = PBXBuildFile; fileRef = D9CEE7342BF12C5D00EC48FB /* HeartFlicksTests.swift */; };
		D9CEE73F2BF12C5D00EC48FB /* HeartFlicksUITests.swift in Sources */ = {isa = PBXBuildFile; fileRef = D9CEE73E2BF12C5D00EC48FB /* HeartFlicksUITests.swift */; };
		D9CEE7412BF12C5D00EC48FB /* HeartFlicksUITestsLaunchTests.swift in Sources */ = {isa = PBXBuildFile; fileRef = D9CEE7402BF12C5D00EC48FB /* HeartFlicksUITestsLaunchTests.swift */; };
		D9F7C4512C52C29F0046983F /* Notice.swift in Sources */ = {isa = PBXBuildFile; fileRef = D9F7C4502C52C29F0046983F /* Notice.swift */; };
/* End PBXBuildFile section */

/* Begin PBXContainerItemProxy section */
		D9CEE7312BF12C5D00EC48FB /* PBXContainerItemProxy */ = {
			isa = PBXContainerItemProxy;
			containerPortal = D9CEE7172BF12C5A00EC48FB /* Project object */;
			proxyType = 1;
			remoteGlobalIDString = D9CEE71E2BF12C5A00EC48FB;
			remoteInfo = HeartFlicks;
		};
		D9CEE73B2BF12C5D00EC48FB /* PBXContainerItemProxy */ = {
			isa = PBXContainerItemProxy;
			containerPortal = D9CEE7172BF12C5A00EC48FB /* Project object */;
			proxyType = 1;
			remoteGlobalIDString = D9CEE71E2BF12C5A00EC48FB;
			remoteInfo = HeartFlicks;
		};
/* End PBXContainerItemProxy section */

/* Begin PBXFileReference section */
		D98EB6A52BF74DFE00EE7CCA /* MainScreen.swift */ = {isa = PBXFileReference; lastKnownFileType = sourcecode.swift; path = MainScreen.swift; sourceTree = "<group>"; };
		D99E3E8A2C207A050025DD65 /* Router.swift */ = {isa = PBXFileReference; lastKnownFileType = sourcecode.swift; path = Router.swift; sourceTree = "<group>"; };
		D99FF10B2C58084B00773894 /* Article.swift */ = {isa = PBXFileReference; lastKnownFileType = sourcecode.swift; path = Article.swift; sourceTree = "<group>"; };
		D9A1A50F2C130FD400C1D008 /* ElegantCalendar.xcassets */ = {isa = PBXFileReference; lastKnownFileType = folder.assetcatalog; name = ElegantCalendar.xcassets; path = "../../Library/Developer/Xcode/DerivedData/HeartFlicks-cbulqtgdzowazobzotdxrtjmtlei/SourcePackages/checkouts/ElegantCalendar/ElegantCalendar.xcassets"; sourceTree = "<group>"; };
		D9A1A5112C13151100C1D008 /* CalendarScreen.swift */ = {isa = PBXFileReference; lastKnownFileType = sourcecode.swift; path = CalendarScreen.swift; sourceTree = "<group>"; };
		D9A1A5132C131EE400C1D008 /* WeekStoreController.swift */ = {isa = PBXFileReference; lastKnownFileType = sourcecode.swift; path = WeekStoreController.swift; sourceTree = "<group>"; };
		D9A1A5162C131F8600C1D008 /* WeekCalendar.swift */ = {isa = PBXFileReference; lastKnownFileType = sourcecode.swift; path = WeekCalendar.swift; sourceTree = "<group>"; };
		D9A61C7F2C242B8E0086EE16 /* MainScreenVM.swift */ = {isa = PBXFileReference; lastKnownFileType = sourcecode.swift; path = MainScreenVM.swift; sourceTree = "<group>"; };
		D9A61C842C242CAD0086EE16 /* AppContainer.swift */ = {isa = PBXFileReference; lastKnownFileType = sourcecode.swift; path = AppContainer.swift; sourceTree = "<group>"; };
		D9CEE71F2BF12C5A00EC48FB /* HeartFlicks.app */ = {isa = PBXFileReference; explicitFileType = wrapper.application; includeInIndex = 0; path = HeartFlicks.app; sourceTree = BUILT_PRODUCTS_DIR; };
		D9CEE7222BF12C5A00EC48FB /* HeartFlicksApp.swift */ = {isa = PBXFileReference; lastKnownFileType = sourcecode.swift; path = HeartFlicksApp.swift; sourceTree = "<group>"; };
		D9CEE7262BF12C5C00EC48FB /* Assets.xcassets */ = {isa = PBXFileReference; lastKnownFileType = folder.assetcatalog; path = Assets.xcassets; sourceTree = "<group>"; };
		D9CEE7282BF12C5C00EC48FB /* HeartFlicks.entitlements */ = {isa = PBXFileReference; lastKnownFileType = text.plist.entitlements; path = HeartFlicks.entitlements; sourceTree = "<group>"; };
		D9CEE72A2BF12C5C00EC48FB /* Preview Assets.xcassets */ = {isa = PBXFileReference; lastKnownFileType = folder.assetcatalog; path = "Preview Assets.xcassets"; sourceTree = "<group>"; };
		D9CEE7302BF12C5D00EC48FB /* HeartFlicksTests.xctest */ = {isa = PBXFileReference; explicitFileType = wrapper.cfbundle; includeInIndex = 0; path = HeartFlicksTests.xctest; sourceTree = BUILT_PRODUCTS_DIR; };
		D9CEE7342BF12C5D00EC48FB /* HeartFlicksTests.swift */ = {isa = PBXFileReference; lastKnownFileType = sourcecode.swift; path = HeartFlicksTests.swift; sourceTree = "<group>"; };
		D9CEE73A2BF12C5D00EC48FB /* HeartFlicksUITests.xctest */ = {isa = PBXFileReference; explicitFileType = wrapper.cfbundle; includeInIndex = 0; path = HeartFlicksUITests.xctest; sourceTree = BUILT_PRODUCTS_DIR; };
		D9CEE73E2BF12C5D00EC48FB /* HeartFlicksUITests.swift */ = {isa = PBXFileReference; lastKnownFileType = sourcecode.swift; path = HeartFlicksUITests.swift; sourceTree = "<group>"; };
		D9CEE7402BF12C5D00EC48FB /* HeartFlicksUITestsLaunchTests.swift */ = {isa = PBXFileReference; lastKnownFileType = sourcecode.swift; path = HeartFlicksUITestsLaunchTests.swift; sourceTree = "<group>"; };
		D9F7C4502C52C29F0046983F /* Notice.swift */ = {isa = PBXFileReference; lastKnownFileType = sourcecode.swift; path = Notice.swift; sourceTree = "<group>"; };
/* End PBXFileReference section */

/* Begin PBXFrameworksBuildPhase section */
		D9CEE71C2BF12C5A00EC48FB /* Frameworks */ = {
			isa = PBXFrameworksBuildPhase;
			buildActionMask = 2147483647;
			files = (
				D9A1A50E2C130DC600C1D008 /* ElegantCalendar in Frameworks */,
				D9A61C8A2C2463830086EE16 /* Swinject in Frameworks */,
			);
			runOnlyForDeploymentPostprocessing = 0;
		};
		D9CEE72D2BF12C5D00EC48FB /* Frameworks */ = {
			isa = PBXFrameworksBuildPhase;
			buildActionMask = 2147483647;
			files = (
			);
			runOnlyForDeploymentPostprocessing = 0;
		};
		D9CEE7372BF12C5D00EC48FB /* Frameworks */ = {
			isa = PBXFrameworksBuildPhase;
			buildActionMask = 2147483647;
			files = (
			);
			runOnlyForDeploymentPostprocessing = 0;
		};
/* End PBXFrameworksBuildPhase section */

/* Begin PBXGroup section */
		D99E3E892C2079A30025DD65 /* Coordinator */ = {
			isa = PBXGroup;
			children = (
				D99E3E8A2C207A050025DD65 /* Router.swift */,
			);
			path = Coordinator;
			sourceTree = "<group>";
		};
		D9A1A5152C131F5F00C1D008 /* Element */ = {
			isa = PBXGroup;
			children = (
				D9A1A5162C131F8600C1D008 /* WeekCalendar.swift */,
			);
			path = Element;
			sourceTree = "<group>";
		};
		D9A61C812C242C630086EE16 /* ViewModels */ = {
			isa = PBXGroup;
			children = (
				D9A1A5132C131EE400C1D008 /* WeekStoreController.swift */,
				D9A61C7F2C242B8E0086EE16 /* MainScreenVM.swift */,
			);
			path = ViewModels;
			sourceTree = "<group>";
		};
		D9A61C832C242C860086EE16 /* DI */ = {
			isa = PBXGroup;
			children = (
				D9A61C842C242CAD0086EE16 /* AppContainer.swift */,
			);
			path = DI;
			sourceTree = "<group>";
		};
		D9A61C882C2463830086EE16 /* Frameworks */ = {
			isa = PBXGroup;
			children = (
			);
			name = Frameworks;
			sourceTree = "<group>";
		};
		D9CEE7162BF12C5A00EC48FB = {
			isa = PBXGroup;
			children = (
				D9CEE7212BF12C5A00EC48FB /* HeartFlicks */,
				D9CEE7332BF12C5D00EC48FB /* HeartFlicksTests */,
				D9CEE73D2BF12C5D00EC48FB /* HeartFlicksUITests */,
				D9A1A50F2C130FD400C1D008 /* ElegantCalendar.xcassets */,
				D9CEE7202BF12C5A00EC48FB /* Products */,
				D9A61C882C2463830086EE16 /* Frameworks */,
			);
			sourceTree = "<group>";
		};
		D9CEE7202BF12C5A00EC48FB /* Products */ = {
			isa = PBXGroup;
			children = (
				D9CEE71F2BF12C5A00EC48FB /* HeartFlicks.app */,
				D9CEE7302BF12C5D00EC48FB /* HeartFlicksTests.xctest */,
				D9CEE73A2BF12C5D00EC48FB /* HeartFlicksUITests.xctest */,
			);
			name = Products;
			sourceTree = "<group>";
		};
		D9CEE7212BF12C5A00EC48FB /* HeartFlicks */ = {
			isa = PBXGroup;
			children = (
				D9CEE7222BF12C5A00EC48FB /* HeartFlicksApp.swift */,
				D9CEE74E2BF12C9600EC48FB /* Logic */,
				D9CEE74D2BF12C8400EC48FB /* UI */,
				D9CEE7262BF12C5C00EC48FB /* Assets.xcassets */,
				D9CEE7282BF12C5C00EC48FB /* HeartFlicks.entitlements */,
				D9CEE7292BF12C5C00EC48FB /* Preview Content */,
			);
			path = HeartFlicks;
			sourceTree = "<group>";
		};
		D9CEE7292BF12C5C00EC48FB /* Preview Content */ = {
			isa = PBXGroup;
			children = (
				D9CEE72A2BF12C5C00EC48FB /* Preview Assets.xcassets */,
			);
			path = "Preview Content";
			sourceTree = "<group>";
		};
		D9CEE7332BF12C5D00EC48FB /* HeartFlicksTests */ = {
			isa = PBXGroup;
			children = (
				D9CEE7342BF12C5D00EC48FB /* HeartFlicksTests.swift */,
			);
			path = HeartFlicksTests;
			sourceTree = "<group>";
		};
		D9CEE73D2BF12C5D00EC48FB /* HeartFlicksUITests */ = {
			isa = PBXGroup;
			children = (
				D9CEE73E2BF12C5D00EC48FB /* HeartFlicksUITests.swift */,
				D9CEE7402BF12C5D00EC48FB /* HeartFlicksUITestsLaunchTests.swift */,
			);
			path = HeartFlicksUITests;
			sourceTree = "<group>";
		};
		D9CEE74D2BF12C8400EC48FB /* UI */ = {
			isa = PBXGroup;
			children = (
				D98EB6A52BF74DFE00EE7CCA /* MainScreen.swift */,
				D9A1A5112C13151100C1D008 /* CalendarScreen.swift */,
				D9A1A5152C131F5F00C1D008 /* Element */,
			);
			path = UI;
			sourceTree = "<group>";
		};
		D9CEE74E2BF12C9600EC48FB /* Logic */ = {
			isa = PBXGroup;
			children = (
				D9A61C812C242C630086EE16 /* ViewModels */,
				D99E3E892C2079A30025DD65 /* Coordinator */,
				D9A61C832C242C860086EE16 /* DI */,
				D9F7C4522C52C2A30046983F /* DTO */,
			);
			path = Logic;
			sourceTree = "<group>";
		};
		D9F7C4522C52C2A30046983F /* DTO */ = {
			isa = PBXGroup;
			children = (
				D9F7C4502C52C29F0046983F /* Notice.swift */,
				D99FF10B2C58084B00773894 /* Article.swift */,
			);
			path = DTO;
			sourceTree = "<group>";
		};
/* End PBXGroup section */

/* Begin PBXNativeTarget section */
		D9CEE71E2BF12C5A00EC48FB /* HeartFlicks */ = {
			isa = PBXNativeTarget;
			buildConfigurationList = D9CEE7442BF12C5D00EC48FB /* Build configuration list for PBXNativeTarget "HeartFlicks" */;
			buildPhases = (
				D9CEE71B2BF12C5A00EC48FB /* Sources */,
				D9CEE71C2BF12C5A00EC48FB /* Frameworks */,
				D9CEE71D2BF12C5A00EC48FB /* Resources */,
			);
			buildRules = (
			);
			dependencies = (
			);
			name = HeartFlicks;
			packageProductDependencies = (
				D9A1A50D2C130DC600C1D008 /* ElegantCalendar */,
				D9A61C892C2463830086EE16 /* Swinject */,
			);
			productName = HeartFlicks;
			productReference = D9CEE71F2BF12C5A00EC48FB /* HeartFlicks.app */;
			productType = "com.apple.product-type.application";
		};
		D9CEE72F2BF12C5D00EC48FB /* HeartFlicksTests */ = {
			isa = PBXNativeTarget;
			buildConfigurationList = D9CEE7472BF12C5D00EC48FB /* Build configuration list for PBXNativeTarget "HeartFlicksTests" */;
			buildPhases = (
				D9CEE72C2BF12C5D00EC48FB /* Sources */,
				D9CEE72D2BF12C5D00EC48FB /* Frameworks */,
				D9CEE72E2BF12C5D00EC48FB /* Resources */,
			);
			buildRules = (
			);
			dependencies = (
				D9CEE7322BF12C5D00EC48FB /* PBXTargetDependency */,
			);
			name = HeartFlicksTests;
			productName = HeartFlicksTests;
			productReference = D9CEE7302BF12C5D00EC48FB /* HeartFlicksTests.xctest */;
			productType = "com.apple.product-type.bundle.unit-test";
		};
		D9CEE7392BF12C5D00EC48FB /* HeartFlicksUITests */ = {
			isa = PBXNativeTarget;
			buildConfigurationList = D9CEE74A2BF12C5D00EC48FB /* Build configuration list for PBXNativeTarget "HeartFlicksUITests" */;
			buildPhases = (
				D9CEE7362BF12C5D00EC48FB /* Sources */,
				D9CEE7372BF12C5D00EC48FB /* Frameworks */,
				D9CEE7382BF12C5D00EC48FB /* Resources */,
			);
			buildRules = (
			);
			dependencies = (
				D9CEE73C2BF12C5D00EC48FB /* PBXTargetDependency */,
			);
			name = HeartFlicksUITests;
			productName = HeartFlicksUITests;
			productReference = D9CEE73A2BF12C5D00EC48FB /* HeartFlicksUITests.xctest */;
			productType = "com.apple.product-type.bundle.ui-testing";
		};
/* End PBXNativeTarget section */

/* Begin PBXProject section */
		D9CEE7172BF12C5A00EC48FB /* Project object */ = {
			isa = PBXProject;
			attributes = {
				BuildIndependentTargetsInParallel = 1;
				LastSwiftUpdateCheck = 1500;
				LastUpgradeCheck = 1500;
				TargetAttributes = {
					D9CEE71E2BF12C5A00EC48FB = {
						CreatedOnToolsVersion = 15.0.1;
					};
					D9CEE72F2BF12C5D00EC48FB = {
						CreatedOnToolsVersion = 15.0.1;
						TestTargetID = D9CEE71E2BF12C5A00EC48FB;
					};
					D9CEE7392BF12C5D00EC48FB = {
						CreatedOnToolsVersion = 15.0.1;
						TestTargetID = D9CEE71E2BF12C5A00EC48FB;
					};
				};
			};
			buildConfigurationList = D9CEE71A2BF12C5A00EC48FB /* Build configuration list for PBXProject "HeartFlicks" */;
			compatibilityVersion = "Xcode 14.0";
			developmentRegion = en;
			hasScannedForEncodings = 0;
			knownRegions = (
				en,
				Base,
			);
			mainGroup = D9CEE7162BF12C5A00EC48FB;
			packageReferences = (
				D9A1A50C2C130DC600C1D008 /* XCRemoteSwiftPackageReference "ElegantCalendar" */,
				D9A61C872C2462CF0086EE16 /* XCRemoteSwiftPackageReference "Swinject" */,
			);
			productRefGroup = D9CEE7202BF12C5A00EC48FB /* Products */;
			projectDirPath = "";
			projectRoot = "";
			targets = (
				D9CEE71E2BF12C5A00EC48FB /* HeartFlicks */,
				D9CEE72F2BF12C5D00EC48FB /* HeartFlicksTests */,
				D9CEE7392BF12C5D00EC48FB /* HeartFlicksUITests */,
			);
		};
/* End PBXProject section */

/* Begin PBXResourcesBuildPhase section */
		D9CEE71D2BF12C5A00EC48FB /* Resources */ = {
			isa = PBXResourcesBuildPhase;
			buildActionMask = 2147483647;
			files = (
				D9CEE72B2BF12C5C00EC48FB /* Preview Assets.xcassets in Resources */,
				D9CEE7272BF12C5C00EC48FB /* Assets.xcassets in Resources */,
				D9A1A5102C130FD400C1D008 /* ElegantCalendar.xcassets in Resources */,
			);
			runOnlyForDeploymentPostprocessing = 0;
		};
		D9CEE72E2BF12C5D00EC48FB /* Resources */ = {
			isa = PBXResourcesBuildPhase;
			buildActionMask = 2147483647;
			files = (
			);
			runOnlyForDeploymentPostprocessing = 0;
		};
		D9CEE7382BF12C5D00EC48FB /* Resources */ = {
			isa = PBXResourcesBuildPhase;
			buildActionMask = 2147483647;
			files = (
			);
			runOnlyForDeploymentPostprocessing = 0;
		};
/* End PBXResourcesBuildPhase section */

/* Begin PBXSourcesBuildPhase section */
		D9CEE71B2BF12C5A00EC48FB /* Sources */ = {
			isa = PBXSourcesBuildPhase;
			buildActionMask = 2147483647;
			files = (
				D98EB6A62BF74DFE00EE7CCA /* MainScreen.swift in Sources */,
				D9A61C852C242CAD0086EE16 /* AppContainer.swift in Sources */,
				D9A1A5172C131F8600C1D008 /* WeekCalendar.swift in Sources */,
				D9F7C4512C52C29F0046983F /* Notice.swift in Sources */,
				D99FF10C2C58084B00773894 /* Article.swift in Sources */,
				D9A1A5122C13151100C1D008 /* CalendarScreen.swift in Sources */,
				D99E3E8B2C207A050025DD65 /* Router.swift in Sources */,
				D9A61C802C242B8E0086EE16 /* MainScreenVM.swift in Sources */,
				D9A1A5142C131EE400C1D008 /* WeekStoreController.swift in Sources */,
				D9CEE7232BF12C5A00EC48FB /* HeartFlicksApp.swift in Sources */,
			);
			runOnlyForDeploymentPostprocessing = 0;
		};
		D9CEE72C2BF12C5D00EC48FB /* Sources */ = {
			isa = PBXSourcesBuildPhase;
			buildActionMask = 2147483647;
			files = (
				D9CEE7352BF12C5D00EC48FB /* HeartFlicksTests.swift in Sources */,
			);
			runOnlyForDeploymentPostprocessing = 0;
		};
		D9CEE7362BF12C5D00EC48FB /* Sources */ = {
			isa = PBXSourcesBuildPhase;
			buildActionMask = 2147483647;
			files = (
				D9CEE73F2BF12C5D00EC48FB /* HeartFlicksUITests.swift in Sources */,
				D9CEE7412BF12C5D00EC48FB /* HeartFlicksUITestsLaunchTests.swift in Sources */,
			);
			runOnlyForDeploymentPostprocessing = 0;
		};
/* End PBXSourcesBuildPhase section */

/* Begin PBXTargetDependency section */
		D9CEE7322BF12C5D00EC48FB /* PBXTargetDependency */ = {
			isa = PBXTargetDependency;
			target = D9CEE71E2BF12C5A00EC48FB /* HeartFlicks */;
			targetProxy = D9CEE7312BF12C5D00EC48FB /* PBXContainerItemProxy */;
		};
		D9CEE73C2BF12C5D00EC48FB /* PBXTargetDependency */ = {
			isa = PBXTargetDependency;
			target = D9CEE71E2BF12C5A00EC48FB /* HeartFlicks */;
			targetProxy = D9CEE73B2BF12C5D00EC48FB /* PBXContainerItemProxy */;
		};
/* End PBXTargetDependency section */

/* Begin XCBuildConfiguration section */
		D9CEE7422BF12C5D00EC48FB /* Debug */ = {
			isa = XCBuildConfiguration;
			buildSettings = {
				ALWAYS_SEARCH_USER_PATHS = NO;
				ASSETCATALOG_COMPILER_GENERATE_SWIFT_ASSET_SYMBOL_EXTENSIONS = YES;
				CLANG_ANALYZER_NONNULL = YES;
				CLANG_ANALYZER_NUMBER_OBJECT_CONVERSION = YES_AGGRESSIVE;
				CLANG_CXX_LANGUAGE_STANDARD = "gnu++20";
				CLANG_ENABLE_MODULES = YES;
				CLANG_ENABLE_OBJC_ARC = YES;
				CLANG_ENABLE_OBJC_WEAK = YES;
				CLANG_WARN_BLOCK_CAPTURE_AUTORELEASING = YES;
				CLANG_WARN_BOOL_CONVERSION = YES;
				CLANG_WARN_COMMA = YES;
				CLANG_WARN_CONSTANT_CONVERSION = YES;
				CLANG_WARN_DEPRECATED_OBJC_IMPLEMENTATIONS = YES;
				CLANG_WARN_DIRECT_OBJC_ISA_USAGE = YES_ERROR;
				CLANG_WARN_DOCUMENTATION_COMMENTS = YES;
				CLANG_WARN_EMPTY_BODY = YES;
				CLANG_WARN_ENUM_CONVERSION = YES;
				CLANG_WARN_INFINITE_RECURSION = YES;
				CLANG_WARN_INT_CONVERSION = YES;
				CLANG_WARN_NON_LITERAL_NULL_CONVERSION = YES;
				CLANG_WARN_OBJC_IMPLICIT_RETAIN_SELF = YES;
				CLANG_WARN_OBJC_LITERAL_CONVERSION = YES;
				CLANG_WARN_OBJC_ROOT_CLASS = YES_ERROR;
				CLANG_WARN_QUOTED_INCLUDE_IN_FRAMEWORK_HEADER = YES;
				CLANG_WARN_RANGE_LOOP_ANALYSIS = YES;
				CLANG_WARN_STRICT_PROTOTYPES = YES;
				CLANG_WARN_SUSPICIOUS_MOVE = YES;
				CLANG_WARN_UNGUARDED_AVAILABILITY = YES_AGGRESSIVE;
				CLANG_WARN_UNREACHABLE_CODE = YES;
				CLANG_WARN__DUPLICATE_METHOD_MATCH = YES;
				COPY_PHASE_STRIP = NO;
				DEBUG_INFORMATION_FORMAT = dwarf;
				ENABLE_STRICT_OBJC_MSGSEND = YES;
				ENABLE_TESTABILITY = YES;
				ENABLE_USER_SCRIPT_SANDBOXING = YES;
				GCC_C_LANGUAGE_STANDARD = gnu17;
				GCC_DYNAMIC_NO_PIC = NO;
				GCC_NO_COMMON_BLOCKS = YES;
				GCC_OPTIMIZATION_LEVEL = 0;
				GCC_PREPROCESSOR_DEFINITIONS = (
					"DEBUG=1",
					"$(inherited)",
				);
				GCC_WARN_64_TO_32_BIT_CONVERSION = YES;
				GCC_WARN_ABOUT_RETURN_TYPE = YES_ERROR;
				GCC_WARN_UNDECLARED_SELECTOR = YES;
				GCC_WARN_UNINITIALIZED_AUTOS = YES_AGGRESSIVE;
				GCC_WARN_UNUSED_FUNCTION = YES;
				GCC_WARN_UNUSED_VARIABLE = YES;
				LOCALIZATION_PREFERS_STRING_CATALOGS = YES;
				MTL_ENABLE_DEBUG_INFO = INCLUDE_SOURCE;
				MTL_FAST_MATH = YES;
				ONLY_ACTIVE_ARCH = YES;
				SWIFT_ACTIVE_COMPILATION_CONDITIONS = "DEBUG $(inherited)";
				SWIFT_OPTIMIZATION_LEVEL = "-Onone";
			};
			name = Debug;
		};
		D9CEE7432BF12C5D00EC48FB /* Release */ = {
			isa = XCBuildConfiguration;
			buildSettings = {
				ALWAYS_SEARCH_USER_PATHS = NO;
				ASSETCATALOG_COMPILER_GENERATE_SWIFT_ASSET_SYMBOL_EXTENSIONS = YES;
				CLANG_ANALYZER_NONNULL = YES;
				CLANG_ANALYZER_NUMBER_OBJECT_CONVERSION = YES_AGGRESSIVE;
				CLANG_CXX_LANGUAGE_STANDARD = "gnu++20";
				CLANG_ENABLE_MODULES = YES;
				CLANG_ENABLE_OBJC_ARC = YES;
				CLANG_ENABLE_OBJC_WEAK = YES;
				CLANG_WARN_BLOCK_CAPTURE_AUTORELEASING = YES;
				CLANG_WARN_BOOL_CONVERSION = YES;
				CLANG_WARN_COMMA = YES;
				CLANG_WARN_CONSTANT_CONVERSION = YES;
				CLANG_WARN_DEPRECATED_OBJC_IMPLEMENTATIONS = YES;
				CLANG_WARN_DIRECT_OBJC_ISA_USAGE = YES_ERROR;
				CLANG_WARN_DOCUMENTATION_COMMENTS = YES;
				CLANG_WARN_EMPTY_BODY = YES;
				CLANG_WARN_ENUM_CONVERSION = YES;
				CLANG_WARN_INFINITE_RECURSION = YES;
				CLANG_WARN_INT_CONVERSION = YES;
				CLANG_WARN_NON_LITERAL_NULL_CONVERSION = YES;
				CLANG_WARN_OBJC_IMPLICIT_RETAIN_SELF = YES;
				CLANG_WARN_OBJC_LITERAL_CONVERSION = YES;
				CLANG_WARN_OBJC_ROOT_CLASS = YES_ERROR;
				CLANG_WARN_QUOTED_INCLUDE_IN_FRAMEWORK_HEADER = YES;
				CLANG_WARN_RANGE_LOOP_ANALYSIS = YES;
				CLANG_WARN_STRICT_PROTOTYPES = YES;
				CLANG_WARN_SUSPICIOUS_MOVE = YES;
				CLANG_WARN_UNGUARDED_AVAILABILITY = YES_AGGRESSIVE;
				CLANG_WARN_UNREACHABLE_CODE = YES;
				CLANG_WARN__DUPLICATE_METHOD_MATCH = YES;
				COPY_PHASE_STRIP = NO;
				DEBUG_INFORMATION_FORMAT = "dwarf-with-dsym";
				ENABLE_NS_ASSERTIONS = NO;
				ENABLE_STRICT_OBJC_MSGSEND = YES;
				ENABLE_USER_SCRIPT_SANDBOXING = YES;
				GCC_C_LANGUAGE_STANDARD = gnu17;
				GCC_NO_COMMON_BLOCKS = YES;
				GCC_WARN_64_TO_32_BIT_CONVERSION = YES;
				GCC_WARN_ABOUT_RETURN_TYPE = YES_ERROR;
				GCC_WARN_UNDECLARED_SELECTOR = YES;
				GCC_WARN_UNINITIALIZED_AUTOS = YES_AGGRESSIVE;
				GCC_WARN_UNUSED_FUNCTION = YES;
				GCC_WARN_UNUSED_VARIABLE = YES;
				LOCALIZATION_PREFERS_STRING_CATALOGS = YES;
				MTL_ENABLE_DEBUG_INFO = NO;
				MTL_FAST_MATH = YES;
				SWIFT_COMPILATION_MODE = wholemodule;
			};
			name = Release;
		};
		D9CEE7452BF12C5D00EC48FB /* Debug */ = {
			isa = XCBuildConfiguration;
			buildSettings = {
				ASSETCATALOG_COMPILER_APPICON_NAME = AppIcon;
				ASSETCATALOG_COMPILER_GLOBAL_ACCENT_COLOR_NAME = AccentColor;
				CODE_SIGN_ENTITLEMENTS = HeartFlicks/HeartFlicks.entitlements;
				CODE_SIGN_STYLE = Automatic;
				CURRENT_PROJECT_VERSION = 1;
				DEVELOPMENT_ASSET_PATHS = "\"HeartFlicks/Preview Content\"";
				ENABLE_PREVIEWS = YES;
				GENERATE_INFOPLIST_FILE = YES;
				"INFOPLIST_KEY_UIApplicationSceneManifest_Generation[sdk=iphoneos*]" = YES;
				"INFOPLIST_KEY_UIApplicationSceneManifest_Generation[sdk=iphonesimulator*]" = YES;
				"INFOPLIST_KEY_UIApplicationSupportsIndirectInputEvents[sdk=iphoneos*]" = YES;
				"INFOPLIST_KEY_UIApplicationSupportsIndirectInputEvents[sdk=iphonesimulator*]" = YES;
				"INFOPLIST_KEY_UILaunchScreen_Generation[sdk=iphoneos*]" = YES;
				"INFOPLIST_KEY_UILaunchScreen_Generation[sdk=iphonesimulator*]" = YES;
				"INFOPLIST_KEY_UIStatusBarStyle[sdk=iphoneos*]" = UIStatusBarStyleDefault;
				"INFOPLIST_KEY_UIStatusBarStyle[sdk=iphonesimulator*]" = UIStatusBarStyleDefault;
				INFOPLIST_KEY_UISupportedInterfaceOrientations_iPad = "UIInterfaceOrientationPortrait UIInterfaceOrientationPortraitUpsideDown UIInterfaceOrientationLandscapeLeft UIInterfaceOrientationLandscapeRight";
				INFOPLIST_KEY_UISupportedInterfaceOrientations_iPhone = "UIInterfaceOrientationPortrait UIInterfaceOrientationLandscapeLeft UIInterfaceOrientationLandscapeRight";
				IPHONEOS_DEPLOYMENT_TARGET = 17.0;
				LD_RUNPATH_SEARCH_PATHS = "@executable_path/Frameworks";
				"LD_RUNPATH_SEARCH_PATHS[sdk=macosx*]" = "@executable_path/../Frameworks";
				MACOSX_DEPLOYMENT_TARGET = 14.0;
				MARKETING_VERSION = 1.0;
				PRODUCT_BUNDLE_IDENTIFIER = SashaGromova.HeartFlicks;
				PRODUCT_NAME = "$(TARGET_NAME)";
				SDKROOT = auto;
				SUPPORTED_PLATFORMS = "iphoneos iphonesimulator macosx";
				SWIFT_EMIT_LOC_STRINGS = YES;
				SWIFT_VERSION = 5.0;
				TARGETED_DEVICE_FAMILY = "1,2";
			};
			name = Debug;
		};
		D9CEE7462BF12C5D00EC48FB /* Release */ = {
			isa = XCBuildConfiguration;
			buildSettings = {
				ASSETCATALOG_COMPILER_APPICON_NAME = AppIcon;
				ASSETCATALOG_COMPILER_GLOBAL_ACCENT_COLOR_NAME = AccentColor;
				CODE_SIGN_ENTITLEMENTS = HeartFlicks/HeartFlicks.entitlements;
				CODE_SIGN_STYLE = Automatic;
				CURRENT_PROJECT_VERSION = 1;
				DEVELOPMENT_ASSET_PATHS = "\"HeartFlicks/Preview Content\"";
				ENABLE_PREVIEWS = YES;
				GENERATE_INFOPLIST_FILE = YES;
				"INFOPLIST_KEY_UIApplicationSceneManifest_Generation[sdk=iphoneos*]" = YES;
				"INFOPLIST_KEY_UIApplicationSceneManifest_Generation[sdk=iphonesimulator*]" = YES;
				"INFOPLIST_KEY_UIApplicationSupportsIndirectInputEvents[sdk=iphoneos*]" = YES;
				"INFOPLIST_KEY_UIApplicationSupportsIndirectInputEvents[sdk=iphonesimulator*]" = YES;
				"INFOPLIST_KEY_UILaunchScreen_Generation[sdk=iphoneos*]" = YES;
				"INFOPLIST_KEY_UILaunchScreen_Generation[sdk=iphonesimulator*]" = YES;
				"INFOPLIST_KEY_UIStatusBarStyle[sdk=iphoneos*]" = UIStatusBarStyleDefault;
				"INFOPLIST_KEY_UIStatusBarStyle[sdk=iphonesimulator*]" = UIStatusBarStyleDefault;
				INFOPLIST_KEY_UISupportedInterfaceOrientations_iPad = "UIInterfaceOrientationPortrait UIInterfaceOrientationPortraitUpsideDown UIInterfaceOrientationLandscapeLeft UIInterfaceOrientationLandscapeRight";
				INFOPLIST_KEY_UISupportedInterfaceOrientations_iPhone = "UIInterfaceOrientationPortrait UIInterfaceOrientationLandscapeLeft UIInterfaceOrientationLandscapeRight";
				IPHONEOS_DEPLOYMENT_TARGET = 17.0;
				LD_RUNPATH_SEARCH_PATHS = "@executable_path/Frameworks";
				"LD_RUNPATH_SEARCH_PATHS[sdk=macosx*]" = "@executable_path/../Frameworks";
				MACOSX_DEPLOYMENT_TARGET = 14.0;
				MARKETING_VERSION = 1.0;
				PRODUCT_BUNDLE_IDENTIFIER = SashaGromova.HeartFlicks;
				PRODUCT_NAME = "$(TARGET_NAME)";
				SDKROOT = auto;
				SUPPORTED_PLATFORMS = "iphoneos iphonesimulator macosx";
				SWIFT_EMIT_LOC_STRINGS = YES;
				SWIFT_VERSION = 5.0;
				TARGETED_DEVICE_FAMILY = "1,2";
			};
			name = Release;
		};
		D9CEE7482BF12C5D00EC48FB /* Debug */ = {
			isa = XCBuildConfiguration;
			buildSettings = {
				ALWAYS_EMBED_SWIFT_STANDARD_LIBRARIES = YES;
				BUNDLE_LOADER = "$(TEST_HOST)";
				CODE_SIGN_STYLE = Automatic;
				CURRENT_PROJECT_VERSION = 1;
				GENERATE_INFOPLIST_FILE = YES;
				IPHONEOS_DEPLOYMENT_TARGET = 17.0;
				MACOSX_DEPLOYMENT_TARGET = 14.0;
				MARKETING_VERSION = 1.0;
				PRODUCT_BUNDLE_IDENTIFIER = SashaGromova.HeartFlicksTests;
				PRODUCT_NAME = "$(TARGET_NAME)";
				SDKROOT = auto;
				SUPPORTED_PLATFORMS = "iphoneos iphonesimulator macosx";
				SWIFT_EMIT_LOC_STRINGS = NO;
				SWIFT_VERSION = 5.0;
				TARGETED_DEVICE_FAMILY = "1,2";
				TEST_HOST = "$(BUILT_PRODUCTS_DIR)/HeartFlicks.app/$(BUNDLE_EXECUTABLE_FOLDER_PATH)/HeartFlicks";
			};
			name = Debug;
		};
		D9CEE7492BF12C5D00EC48FB /* Release */ = {
			isa = XCBuildConfiguration;
			buildSettings = {
				ALWAYS_EMBED_SWIFT_STANDARD_LIBRARIES = YES;
				BUNDLE_LOADER = "$(TEST_HOST)";
				CODE_SIGN_STYLE = Automatic;
				CURRENT_PROJECT_VERSION = 1;
				GENERATE_INFOPLIST_FILE = YES;
				IPHONEOS_DEPLOYMENT_TARGET = 17.0;
				MACOSX_DEPLOYMENT_TARGET = 14.0;
				MARKETING_VERSION = 1.0;
				PRODUCT_BUNDLE_IDENTIFIER = SashaGromova.HeartFlicksTests;
				PRODUCT_NAME = "$(TARGET_NAME)";
				SDKROOT = auto;
				SUPPORTED_PLATFORMS = "iphoneos iphonesimulator macosx";
				SWIFT_EMIT_LOC_STRINGS = NO;
				SWIFT_VERSION = 5.0;
				TARGETED_DEVICE_FAMILY = "1,2";
				TEST_HOST = "$(BUILT_PRODUCTS_DIR)/HeartFlicks.app/$(BUNDLE_EXECUTABLE_FOLDER_PATH)/HeartFlicks";
			};
			name = Release;
		};
		D9CEE74B2BF12C5D00EC48FB /* Debug */ = {
			isa = XCBuildConfiguration;
			buildSettings = {
				ALWAYS_EMBED_SWIFT_STANDARD_LIBRARIES = YES;
				CODE_SIGN_STYLE = Automatic;
				CURRENT_PROJECT_VERSION = 1;
				GENERATE_INFOPLIST_FILE = YES;
				IPHONEOS_DEPLOYMENT_TARGET = 17.0;
				MACOSX_DEPLOYMENT_TARGET = 14.0;
				MARKETING_VERSION = 1.0;
				PRODUCT_BUNDLE_IDENTIFIER = SashaGromova.HeartFlicksUITests;
				PRODUCT_NAME = "$(TARGET_NAME)";
				SDKROOT = auto;
				SUPPORTED_PLATFORMS = "iphoneos iphonesimulator macosx";
				SWIFT_EMIT_LOC_STRINGS = NO;
				SWIFT_VERSION = 5.0;
				TARGETED_DEVICE_FAMILY = "1,2";
				TEST_TARGET_NAME = HeartFlicks;
			};
			name = Debug;
		};
		D9CEE74C2BF12C5D00EC48FB /* Release */ = {
			isa = XCBuildConfiguration;
			buildSettings = {
				ALWAYS_EMBED_SWIFT_STANDARD_LIBRARIES = YES;
				CODE_SIGN_STYLE = Automatic;
				CURRENT_PROJECT_VERSION = 1;
				GENERATE_INFOPLIST_FILE = YES;
				IPHONEOS_DEPLOYMENT_TARGET = 17.0;
				MACOSX_DEPLOYMENT_TARGET = 14.0;
				MARKETING_VERSION = 1.0;
				PRODUCT_BUNDLE_IDENTIFIER = SashaGromova.HeartFlicksUITests;
				PRODUCT_NAME = "$(TARGET_NAME)";
				SDKROOT = auto;
				SUPPORTED_PLATFORMS = "iphoneos iphonesimulator macosx";
				SWIFT_EMIT_LOC_STRINGS = NO;
				SWIFT_VERSION = 5.0;
				TARGETED_DEVICE_FAMILY = "1,2";
				TEST_TARGET_NAME = HeartFlicks;
			};
			name = Release;
		};
/* End XCBuildConfiguration section */

/* Begin XCConfigurationList section */
		D9CEE71A2BF12C5A00EC48FB /* Build configuration list for PBXProject "HeartFlicks" */ = {
			isa = XCConfigurationList;
			buildConfigurations = (
				D9CEE7422BF12C5D00EC48FB /* Debug */,
				D9CEE7432BF12C5D00EC48FB /* Release */,
			);
			defaultConfigurationIsVisible = 0;
			defaultConfigurationName = Release;
		};
		D9CEE7442BF12C5D00EC48FB /* Build configuration list for PBXNativeTarget "HeartFlicks" */ = {
			isa = XCConfigurationList;
			buildConfigurations = (
				D9CEE7452BF12C5D00EC48FB /* Debug */,
				D9CEE7462BF12C5D00EC48FB /* Release */,
			);
			defaultConfigurationIsVisible = 0;
			defaultConfigurationName = Release;
		};
		D9CEE7472BF12C5D00EC48FB /* Build configuration list for PBXNativeTarget "HeartFlicksTests" */ = {
			isa = XCConfigurationList;
			buildConfigurations = (
				D9CEE7482BF12C5D00EC48FB /* Debug */,
				D9CEE7492BF12C5D00EC48FB /* Release */,
			);
			defaultConfigurationIsVisible = 0;
			defaultConfigurationName = Release;
		};
		D9CEE74A2BF12C5D00EC48FB /* Build configuration list for PBXNativeTarget "HeartFlicksUITests" */ = {
			isa = XCConfigurationList;
			buildConfigurations = (
				D9CEE74B2BF12C5D00EC48FB /* Debug */,
				D9CEE74C2BF12C5D00EC48FB /* Release */,
			);
			defaultConfigurationIsVisible = 0;
			defaultConfigurationName = Release;
		};
/* End XCConfigurationList section */

/* Begin XCRemoteSwiftPackageReference section */
		D9A1A50C2C130DC600C1D008 /* XCRemoteSwiftPackageReference "ElegantCalendar" */ = {
			isa = XCRemoteSwiftPackageReference;
			repositoryURL = "https://github.com/ThasianX/ElegantCalendar.git";
			requirement = {
				kind = upToNextMajorVersion;
				minimumVersion = 4.3.2;
			};
		};
		D9A61C872C2462CF0086EE16 /* XCRemoteSwiftPackageReference "Swinject" */ = {
			isa = XCRemoteSwiftPackageReference;
			repositoryURL = "https://github.com/Swinject/Swinject.git";
			requirement = {
				kind = upToNextMajorVersion;
				minimumVersion = 2.9.1;
			};
		};
/* End XCRemoteSwiftPackageReference section */

/* Begin XCSwiftPackageProductDependency section */
		D9A1A50D2C130DC600C1D008 /* ElegantCalendar */ = {
			isa = XCSwiftPackageProductDependency;
			package = D9A1A50C2C130DC600C1D008 /* XCRemoteSwiftPackageReference "ElegantCalendar" */;
			productName = ElegantCalendar;
		};
		D9A61C892C2463830086EE16 /* Swinject */ = {
			isa = XCSwiftPackageProductDependency;
			package = D9A61C872C2462CF0086EE16 /* XCRemoteSwiftPackageReference "Swinject" */;
			productName = Swinject;
		};
/* End XCSwiftPackageProductDependency section */
	};
	rootObject = D9CEE7172BF12C5A00EC48FB /* Project object */;
}
